
Microsoft Visual Studio Solution File, Format Version 12.00
# Visual Studio Version 16
VisualStudioVersion = 16.0.31624.102
MinimumVisualStudioVersion = 10.0.40219.1
Project("{FAE04EC0-301F-11D3-BF4B-00C04F79EFBC}") = "S2-Individueel", "S2-Individueel\S2-Individueel.csproj", "{753125CE-0776-4F8B-BEE8-C94E054D3A25}"
EndProject
Global
	GlobalSection(SolutionConfigurationPlatforms) = preSolution
		Debug|Any CPU = Debug|Any CPU
		Release|Any CPU = Release|Any CPU
	EndGlobalSection
	GlobalSection(ProjectConfigurationPlatforms) = postSolution
		{753125CE-0776-4F8B-BEE8-C94E054D3A25}.Debug|Any CPU.ActiveCfg = Debug|Any CPU
		{753125CE-0776-4F8B-BEE8-C94E054D3A25}.Debug|Any CPU.Build.0 = Debug|Any CPU
		{753125CE-0776-4F8B-BEE8-C94E054D3A25}.Release|Any CPU.ActiveCfg = Release|Any CPU
		{753125CE-0776-4F8B-BEE8-C94E054D3A25}.Release|Any CPU.Build.0 = Release|Any CPU
	EndGlobalSection
	GlobalSection(SolutionProperties) = preSolution
		HideSolutionNode = FALSE
	EndGlobalSection
	GlobalSection(ExtensibilityGlobals) = postSolution
		SolutionGuid = {FBF9F892-4398-429E-BDA5-ABBCCC9562AB}
	EndGlobalSection
EndGlobal
